
Microsoft Visual Studio Solution File, Format Version 12.00
# Visual Studio Version 16
VisualStudioVersion = 16.0.29709.97
MinimumVisualStudioVersion = 10.0.40219.1
Project("{00D1A9C2-B5F0-4AF3-8072-F6C62B433612}") = "ContosoUniversityData", "ContosoUniversityData\ContosoUniversityData.sqlproj", "{10B917BE-539C-491A-8067-D5E6CC0AD338}"
EndProject
Global
	GlobalSection(SolutionConfigurationPlatforms) = preSolution
		Debug|Any CPU = Debug|Any CPU
		Release|Any CPU = Release|Any CPU
	EndGlobalSection
	GlobalSection(ProjectConfigurationPlatforms) = postSolution
		{10B917BE-539C-491A-8067-D5E6CC0AD338}.Debug|Any CPU.ActiveCfg = Debug|Any CPU
		{10B917BE-539C-491A-8067-D5E6CC0AD338}.Debug|Any CPU.Build.0 = Debug|Any CPU
		{10B917BE-539C-491A-8067-D5E6CC0AD338}.Debug|Any CPU.Deploy.0 = Debug|Any CPU
		{10B917BE-539C-491A-8067-D5E6CC0AD338}.Release|Any CPU.ActiveCfg = Release|Any CPU
		{10B917BE-539C-491A-8067-D5E6CC0AD338}.Release|Any CPU.Build.0 = Release|Any CPU
		{10B917BE-539C-491A-8067-D5E6CC0AD338}.Release|Any CPU.Deploy.0 = Release|Any CPU
	EndGlobalSection
	GlobalSection(SolutionProperties) = preSolution
		HideSolutionNode = FALSE
	EndGlobalSection
	GlobalSection(ExtensibilityGlobals) = postSolution
		SolutionGuid = {AEF73116-9445-4676-9D0D-D6D44ADE98DE}
	EndGlobalSection
EndGlobal
